// !$*UTF8*$!
{
	archiveVersion = 1;
	classes = {
	};
	objectVersion = 46;
	objects = {

/* Begin PBXBuildFile section */
		26069EAA8125EF95A37706F9 /* libPods-MTHD.a in Frameworks */ = {isa = PBXBuildFile; fileRef = 992E5ABB0C6E07FF1A188D4D /* libPods-MTHD.a */; };
		862D3AB21E0A1E3700FDFFD9 /* MTHomeViewModel.m in Sources */ = {isa = PBXBuildFile; fileRef = 862D3AB11E0A1E3700FDFFD9 /* MTHomeViewModel.m */; };
		862D3AB51E0A1FB800FDFFD9 /* MTCityModel.m in Sources */ = {isa = PBXBuildFile; fileRef = 862D3AB41E0A1FB800FDFFD9 /* MTCityModel.m */; };
		862D3ABA1E0A650100FDFFD9 /* MTSortVC.m in Sources */ = {isa = PBXBuildFile; fileRef = 862D3AB91E0A650100FDFFD9 /* MTSortVC.m */; };
		862D3ABD1E0A6F2900FDFFD9 /* MTSortModel.m in Sources */ = {isa = PBXBuildFile; fileRef = 862D3ABC1E0A6F2900FDFFD9 /* MTSortModel.m */; };
		862D3AC31E0A8D4C00FDFFD9 /* MTButton.m in Sources */ = {isa = PBXBuildFile; fileRef = 862D3AC21E0A8D4C00FDFFD9 /* MTButton.m */; };
		863032AA1E0548870093D6C5 /* main.m in Sources */ = {isa = PBXBuildFile; fileRef = 863032A91E0548870093D6C5 /* main.m */; };
		863032AD1E0548870093D6C5 /* AppDelegate.m in Sources */ = {isa = PBXBuildFile; fileRef = 863032AC1E0548870093D6C5 /* AppDelegate.m */; };
		863032B51E0548870093D6C5 /* Assets.xcassets in Resources */ = {isa = PBXBuildFile; fileRef = 863032B41E0548870093D6C5 /* Assets.xcassets */; };
		863032CC1E05574F0093D6C5 /* MTBaseNAV.m in Sources */ = {isa = PBXBuildFile; fileRef = 863032CB1E05574F0093D6C5 /* MTBaseNAV.m */; };
		863032CF1E0557770093D6C5 /* MTHomeVC.m in Sources */ = {isa = PBXBuildFile; fileRef = 863032CE1E0557770093D6C5 /* MTHomeVC.m */; };
		863032D21E055B240093D6C5 /* UIImage+MTGategoryImage.m in Sources */ = {isa = PBXBuildFile; fileRef = 863032D11E055B240093D6C5 /* UIImage+MTGategoryImage.m */; };
		863032D51E055F6A0093D6C5 /* MTHomeCollectionVC.m in Sources */ = {isa = PBXBuildFile; fileRef = 863032D41E055F6A0093D6C5 /* MTHomeCollectionVC.m */; };
		863032DF1E05680A0093D6C5 /* UIBarButtonItem+MTCategory.m in Sources */ = {isa = PBXBuildFile; fileRef = 863032DE1E05680A0093D6C5 /* UIBarButtonItem+MTCategory.m */; };
		863032E21E0576470093D6C5 /* MTHomeNACView.m in Sources */ = {isa = PBXBuildFile; fileRef = 863032E11E0576470093D6C5 /* MTHomeNACView.m */; };
		865F05AF1E094CE50063AD01 /* MTCityGroupModel.m in Sources */ = {isa = PBXBuildFile; fileRef = 865F05AE1E094CE50063AD01 /* MTCityGroupModel.m */; };
		865F05B21E0962120063AD01 /* MTConst.m in Sources */ = {isa = PBXBuildFile; fileRef = 865F05B11E0962120063AD01 /* MTConst.m */; };
		8676550B1E0C00ED00FDB0A4 /* MTHomeCell.m in Sources */ = {isa = PBXBuildFile; fileRef = 8676550A1E0C00ED00FDB0A4 /* MTHomeCell.m */; };
		867655101E0C10B400FDB0A4 /* MTHomeCellModel.m in Sources */ = {isa = PBXBuildFile; fileRef = 8676550F1E0C10B400FDB0A4 /* MTHomeCellModel.m */; };
		868FF9551E07FE80003FFF61 /* MTCategoryVC.m in Sources */ = {isa = PBXBuildFile; fileRef = 868FF9541E07FE80003FFF61 /* MTCategoryVC.m */; };
		868FF9581E080781003FFF61 /* MTDropdownView.m in Sources */ = {isa = PBXBuildFile; fileRef = 868FF9571E080781003FFF61 /* MTDropdownView.m */; };
		868FF95B1E081748003FFF61 /* MTCategoryModel.m in Sources */ = {isa = PBXBuildFile; fileRef = 868FF95A1E081748003FFF61 /* MTCategoryModel.m */; };
		868FF9631E081801003FFF61 /* categories.plist in Resources */ = {isa = PBXBuildFile; fileRef = 868FF95F1E081801003FFF61 /* categories.plist */; };
		868FF9641E081801003FFF61 /* cities.plist in Resources */ = {isa = PBXBuildFile; fileRef = 868FF9601E081801003FFF61 /* cities.plist */; };
		868FF9651E081801003FFF61 /* cityGroups.plist in Resources */ = {isa = PBXBuildFile; fileRef = 868FF9611E081801003FFF61 /* cityGroups.plist */; };
		868FF9661E081801003FFF61 /* sorts.plist in Resources */ = {isa = PBXBuildFile; fileRef = 868FF9621E081801003FFF61 /* sorts.plist */; };
		868FF9691E0823B5003FFF61 /* NSArray+Log.m in Sources */ = {isa = PBXBuildFile; fileRef = 868FF9681E0823B5003FFF61 /* NSArray+Log.m */; };
		868FF96C1E0833E2003FFF61 /* MTCityVC.m in Sources */ = {isa = PBXBuildFile; fileRef = 868FF96B1E0833E2003FFF61 /* MTCityVC.m */; };
		868FF9701E083F2B003FFF61 /* MTDistrictVC.m in Sources */ = {isa = PBXBuildFile; fileRef = 868FF96F1E083F2B003FFF61 /* MTDistrictVC.m */; };
		868FF9761E086179003FFF61 /* MTCitySearchResultVC.m in Sources */ = {isa = PBXBuildFile; fileRef = 868FF9751E086179003FFF61 /* MTCitySearchResultVC.m */; };
		86C25C061E0D422E006AB8CD /* AwesomeMenu.m in Sources */ = {isa = PBXBuildFile; fileRef = 86C25C031E0D422E006AB8CD /* AwesomeMenu.m */; };
		86C25C071E0D422E006AB8CD /* AwesomeMenuItem.m in Sources */ = {isa = PBXBuildFile; fileRef = 86C25C051E0D422E006AB8CD /* AwesomeMenuItem.m */; };
		86CF67831E0C1D2B008CC4C3 /* DPAPI.m in Sources */ = {isa = PBXBuildFile; fileRef = 86CF677F1E0C1D2B008CC4C3 /* DPAPI.m */; };
		86CF67841E0C1D2B008CC4C3 /* DPRequest.m in Sources */ = {isa = PBXBuildFile; fileRef = 86CF67821E0C1D2B008CC4C3 /* DPRequest.m */; };
		86CF67871E0C312D008CC4C3 /* NSDate+MTCompareDate.m in Sources */ = {isa = PBXBuildFile; fileRef = 86CF67861E0C312D008CC4C3 /* NSDate+MTCompareDate.m */; };
		86CF678A1E0C422B008CC4C3 /* NSString+MTStr.m in Sources */ = {isa = PBXBuildFile; fileRef = 86CF67891E0C422B008CC4C3 /* NSString+MTStr.m */; };
		86FB6D391E0977D300F999A6 /* MTDistrictModel.m in Sources */ = {isa = PBXBuildFile; fileRef = 86FB6D381E0977D300F999A6 /* MTDistrictModel.m */; };
/* End PBXBuildFile section */

/* Begin PBXFileReference section */
		32441333945390C955EC266C /* Pods-MTHD.debug.xcconfig */ = {isa = PBXFileReference; includeInIndex = 1; lastKnownFileType = text.xcconfig; name = "Pods-MTHD.debug.xcconfig"; path = "Pods/Target Support Files/Pods-MTHD/Pods-MTHD.debug.xcconfig"; sourceTree = "<group>"; };
		862D3AB01E0A1E3700FDFFD9 /* MTHomeViewModel.h */ = {isa = PBXFileReference; fileEncoding = 4; lastKnownFileType = sourcecode.c.h; path = MTHomeViewModel.h; sourceTree = "<group>"; };
		862D3AB11E0A1E3700FDFFD9 /* MTHomeViewModel.m */ = {isa = PBXFileReference; fileEncoding = 4; lastKnownFileType = sourcecode.c.objc; path = MTHomeViewModel.m; sourceTree = "<group>"; };
		862D3AB31E0A1FB800FDFFD9 /* MTCityModel.h */ = {isa = PBXFileReference; fileEncoding = 4; lastKnownFileType = sourcecode.c.h; path = MTCityModel.h; sourceTree = "<group>"; };
		862D3AB41E0A1FB800FDFFD9 /* MTCityModel.m */ = {isa = PBXFileReference; fileEncoding = 4; lastKnownFileType = sourcecode.c.objc; path = MTCityModel.m; sourceTree = "<group>"; };
		862D3AB81E0A650100FDFFD9 /* MTSortVC.h */ = {isa = PBXFileReference; fileEncoding = 4; lastKnownFileType = sourcecode.c.h; path = MTSortVC.h; sourceTree = "<group>"; };
		862D3AB91E0A650100FDFFD9 /* MTSortVC.m */ = {isa = PBXFileReference; fileEncoding = 4; lastKnownFileType = sourcecode.c.objc; path = MTSortVC.m; sourceTree = "<group>"; };
		862D3ABB1E0A6F2900FDFFD9 /* MTSortModel.h */ = {isa = PBXFileReference; fileEncoding = 4; lastKnownFileType = sourcecode.c.h; path = MTSortModel.h; sourceTree = "<group>"; };
		862D3ABC1E0A6F2900FDFFD9 /* MTSortModel.m */ = {isa = PBXFileReference; fileEncoding = 4; lastKnownFileType = sourcecode.c.objc; path = MTSortModel.m; sourceTree = "<group>"; };
		862D3AC11E0A8D4C00FDFFD9 /* MTButton.h */ = {isa = PBXFileReference; fileEncoding = 4; lastKnownFileType = sourcecode.c.h; path = MTButton.h; sourceTree = "<group>"; };
		862D3AC21E0A8D4C00FDFFD9 /* MTButton.m */ = {isa = PBXFileReference; fileEncoding = 4; lastKnownFileType = sourcecode.c.objc; path = MTButton.m; sourceTree = "<group>"; };
		863032A51E0548870093D6C5 /* MTHD.app */ = {isa = PBXFileReference; explicitFileType = wrapper.application; includeInIndex = 0; path = MTHD.app; sourceTree = BUILT_PRODUCTS_DIR; };
		863032A91E0548870093D6C5 /* main.m */ = {isa = PBXFileReference; lastKnownFileType = sourcecode.c.objc; path = main.m; sourceTree = "<group>"; };
		863032AB1E0548870093D6C5 /* AppDelegate.h */ = {isa = PBXFileReference; lastKnownFileType = sourcecode.c.h; path = AppDelegate.h; sourceTree = "<group>"; };
		863032AC1E0548870093D6C5 /* AppDelegate.m */ = {isa = PBXFileReference; lastKnownFileType = sourcecode.c.objc; path = AppDelegate.m; sourceTree = "<group>"; };
		863032B41E0548870093D6C5 /* Assets.xcassets */ = {isa = PBXFileReference; lastKnownFileType = folder.assetcatalog; path = Assets.xcassets; sourceTree = "<group>"; };
		863032B91E0548870093D6C5 /* Info.plist */ = {isa = PBXFileReference; lastKnownFileType = text.plist.xml; path = Info.plist; sourceTree = "<group>"; };
		863032CA1E05574F0093D6C5 /* MTBaseNAV.h */ = {isa = PBXFileReference; fileEncoding = 4; lastKnownFileType = sourcecode.c.h; path = MTBaseNAV.h; sourceTree = "<group>"; };
		863032CB1E05574F0093D6C5 /* MTBaseNAV.m */ = {isa = PBXFileReference; fileEncoding = 4; lastKnownFileType = sourcecode.c.objc; path = MTBaseNAV.m; sourceTree = "<group>"; };
		863032CD1E0557770093D6C5 /* MTHomeVC.h */ = {isa = PBXFileReference; fileEncoding = 4; lastKnownFileType = sourcecode.c.h; path = MTHomeVC.h; sourceTree = "<group>"; };
		863032CE1E0557770093D6C5 /* MTHomeVC.m */ = {isa = PBXFileReference; fileEncoding = 4; lastKnownFileType = sourcecode.c.objc; path = MTHomeVC.m; sourceTree = "<group>"; };
		863032D01E055B240093D6C5 /* UIImage+MTGategoryImage.h */ = {isa = PBXFileReference; fileEncoding = 4; lastKnownFileType = sourcecode.c.h; path = "UIImage+MTGategoryImage.h"; sourceTree = "<group>"; };
		863032D11E055B240093D6C5 /* UIImage+MTGategoryImage.m */ = {isa = PBXFileReference; fileEncoding = 4; lastKnownFileType = sourcecode.c.objc; path = "UIImage+MTGategoryImage.m"; sourceTree = "<group>"; };
		863032D31E055F6A0093D6C5 /* MTHomeCollectionVC.h */ = {isa = PBXFileReference; fileEncoding = 4; lastKnownFileType = sourcecode.c.h; path = MTHomeCollectionVC.h; sourceTree = "<group>"; };
		863032D41E055F6A0093D6C5 /* MTHomeCollectionVC.m */ = {isa = PBXFileReference; fileEncoding = 4; lastKnownFileType = sourcecode.c.objc; path = MTHomeCollectionVC.m; sourceTree = "<group>"; };
		863032D61E0562FF0093D6C5 /* PrefixHeader.pch */ = {isa = PBXFileReference; lastKnownFileType = sourcecode.c.h; path = PrefixHeader.pch; sourceTree = "<group>"; };
		863032DD1E05680A0093D6C5 /* UIBarButtonItem+MTCategory.h */ = {isa = PBXFileReference; fileEncoding = 4; lastKnownFileType = sourcecode.c.h; path = "UIBarButtonItem+MTCategory.h"; sourceTree = "<group>"; };
		863032DE1E05680A0093D6C5 /* UIBarButtonItem+MTCategory.m */ = {isa = PBXFileReference; fileEncoding = 4; lastKnownFileType = sourcecode.c.objc; path = "UIBarButtonItem+MTCategory.m"; sourceTree = "<group>"; };
		863032E01E0576470093D6C5 /* MTHomeNACView.h */ = {isa = PBXFileReference; fileEncoding = 4; lastKnownFileType = sourcecode.c.h; path = MTHomeNACView.h; sourceTree = "<group>"; };
		863032E11E0576470093D6C5 /* MTHomeNACView.m */ = {isa = PBXFileReference; fileEncoding = 4; lastKnownFileType = sourcecode.c.objc; path = MTHomeNACView.m; sourceTree = "<group>"; };
		865F05AD1E094CE50063AD01 /* MTCityGroupModel.h */ = {isa = PBXFileReference; fileEncoding = 4; lastKnownFileType = sourcecode.c.h; path = MTCityGroupModel.h; sourceTree = "<group>"; };
		865F05AE1E094CE50063AD01 /* MTCityGroupModel.m */ = {isa = PBXFileReference; fileEncoding = 4; lastKnownFileType = sourcecode.c.objc; path = MTCityGroupModel.m; sourceTree = "<group>"; };
		865F05B01E0962120063AD01 /* MTConst.h */ = {isa = PBXFileReference; fileEncoding = 4; lastKnownFileType = sourcecode.c.h; path = MTConst.h; sourceTree = "<group>"; };
		865F05B11E0962120063AD01 /* MTConst.m */ = {isa = PBXFileReference; fileEncoding = 4; lastKnownFileType = sourcecode.c.objc; path = MTConst.m; sourceTree = "<group>"; };
		867655091E0C00ED00FDB0A4 /* MTHomeCell.h */ = {isa = PBXFileReference; fileEncoding = 4; lastKnownFileType = sourcecode.c.h; path = MTHomeCell.h; sourceTree = "<group>"; };
		8676550A1E0C00ED00FDB0A4 /* MTHomeCell.m */ = {isa = PBXFileReference; fileEncoding = 4; lastKnownFileType = sourcecode.c.objc; path = MTHomeCell.m; sourceTree = "<group>"; };
		8676550E1E0C10B400FDB0A4 /* MTHomeCellModel.h */ = {isa = PBXFileReference; fileEncoding = 4; lastKnownFileType = sourcecode.c.h; path = MTHomeCellModel.h; sourceTree = "<group>"; };
		8676550F1E0C10B400FDB0A4 /* MTHomeCellModel.m */ = {isa = PBXFileReference; fileEncoding = 4; lastKnownFileType = sourcecode.c.objc; path = MTHomeCellModel.m; sourceTree = "<group>"; };
		868FF9531E07FE80003FFF61 /* MTCategoryVC.h */ = {isa = PBXFileReference; fileEncoding = 4; lastKnownFileType = sourcecode.c.h; path = MTCategoryVC.h; sourceTree = "<group>"; };
		868FF9541E07FE80003FFF61 /* MTCategoryVC.m */ = {isa = PBXFileReference; fileEncoding = 4; lastKnownFileType = sourcecode.c.objc; path = MTCategoryVC.m; sourceTree = "<group>"; };
		868FF9561E080781003FFF61 /* MTDropdownView.h */ = {isa = PBXFileReference; fileEncoding = 4; lastKnownFileType = sourcecode.c.h; path = MTDropdownView.h; sourceTree = "<group>"; };
		868FF9571E080781003FFF61 /* MTDropdownView.m */ = {isa = PBXFileReference; fileEncoding = 4; lastKnownFileType = sourcecode.c.objc; path = MTDropdownView.m; sourceTree = "<group>"; };
		868FF9591E081748003FFF61 /* MTCategoryModel.h */ = {isa = PBXFileReference; fileEncoding = 4; lastKnownFileType = sourcecode.c.h; path = MTCategoryModel.h; sourceTree = "<group>"; };
		868FF95A1E081748003FFF61 /* MTCategoryModel.m */ = {isa = PBXFileReference; fileEncoding = 4; lastKnownFileType = sourcecode.c.objc; path = MTCategoryModel.m; sourceTree = "<group>"; };
		868FF95F1E081801003FFF61 /* categories.plist */ = {isa = PBXFileReference; fileEncoding = 4; lastKnownFileType = text.plist.xml; path = categories.plist; sourceTree = "<group>"; };
		868FF9601E081801003FFF61 /* cities.plist */ = {isa = PBXFileReference; fileEncoding = 4; lastKnownFileType = text.plist.xml; path = cities.plist; sourceTree = "<group>"; };
		868FF9611E081801003FFF61 /* cityGroups.plist */ = {isa = PBXFileReference; fileEncoding = 4; lastKnownFileType = text.plist.xml; path = cityGroups.plist; sourceTree = "<group>"; };
		868FF9621E081801003FFF61 /* sorts.plist */ = {isa = PBXFileReference; fileEncoding = 4; lastKnownFileType = text.plist.xml; path = sorts.plist; sourceTree = "<group>"; };
		868FF9671E0823B5003FFF61 /* NSArray+Log.h */ = {isa = PBXFileReference; fileEncoding = 4; lastKnownFileType = sourcecode.c.h; path = "NSArray+Log.h"; sourceTree = "<group>"; };
		868FF9681E0823B5003FFF61 /* NSArray+Log.m */ = {isa = PBXFileReference; fileEncoding = 4; lastKnownFileType = sourcecode.c.objc; path = "NSArray+Log.m"; sourceTree = "<group>"; };
		868FF96A1E0833E2003FFF61 /* MTCityVC.h */ = {isa = PBXFileReference; fileEncoding = 4; lastKnownFileType = sourcecode.c.h; path = MTCityVC.h; sourceTree = "<group>"; };
		868FF96B1E0833E2003FFF61 /* MTCityVC.m */ = {isa = PBXFileReference; fileEncoding = 4; lastKnownFileType = sourcecode.c.objc; path = MTCityVC.m; sourceTree = "<group>"; };
		868FF96E1E083F2B003FFF61 /* MTDistrictVC.h */ = {isa = PBXFileReference; fileEncoding = 4; lastKnownFileType = sourcecode.c.h; path = MTDistrictVC.h; sourceTree = "<group>"; };
		868FF96F1E083F2B003FFF61 /* MTDistrictVC.m */ = {isa = PBXFileReference; fileEncoding = 4; lastKnownFileType = sourcecode.c.objc; path = MTDistrictVC.m; sourceTree = "<group>"; };
		868FF9741E086179003FFF61 /* MTCitySearchResultVC.h */ = {isa = PBXFileReference; fileEncoding = 4; lastKnownFileType = sourcecode.c.h; path = MTCitySearchResultVC.h; sourceTree = "<group>"; };
		868FF9751E086179003FFF61 /* MTCitySearchResultVC.m */ = {isa = PBXFileReference; fileEncoding = 4; lastKnownFileType = sourcecode.c.objc; path = MTCitySearchResultVC.m; sourceTree = "<group>"; };
		86C25C021E0D422E006AB8CD /* AwesomeMenu.h */ = {isa = PBXFileReference; fileEncoding = 4; lastKnownFileType = sourcecode.c.h; path = AwesomeMenu.h; sourceTree = "<group>"; };
		86C25C031E0D422E006AB8CD /* AwesomeMenu.m */ = {isa = PBXFileReference; fileEncoding = 4; lastKnownFileType = sourcecode.c.objc; path = AwesomeMenu.m; sourceTree = "<group>"; };
		86C25C041E0D422E006AB8CD /* AwesomeMenuItem.h */ = {isa = PBXFileReference; fileEncoding = 4; lastKnownFileType = sourcecode.c.h; path = AwesomeMenuItem.h; sourceTree = "<group>"; };
		86C25C051E0D422E006AB8CD /* AwesomeMenuItem.m */ = {isa = PBXFileReference; fileEncoding = 4; lastKnownFileType = sourcecode.c.objc; path = AwesomeMenuItem.m; sourceTree = "<group>"; };
		86CF677E1E0C1D2B008CC4C3 /* DPAPI.h */ = {isa = PBXFileReference; fileEncoding = 4; lastKnownFileType = sourcecode.c.h; path = DPAPI.h; sourceTree = "<group>"; };
		86CF677F1E0C1D2B008CC4C3 /* DPAPI.m */ = {isa = PBXFileReference; fileEncoding = 4; lastKnownFileType = sourcecode.c.objc; path = DPAPI.m; sourceTree = "<group>"; };
		86CF67801E0C1D2B008CC4C3 /* DPConstants.h */ = {isa = PBXFileReference; fileEncoding = 4; lastKnownFileType = sourcecode.c.h; path = DPConstants.h; sourceTree = "<group>"; };
		86CF67811E0C1D2B008CC4C3 /* DPRequest.h */ = {isa = PBXFileReference; fileEncoding = 4; lastKnownFileType = sourcecode.c.h; path = DPRequest.h; sourceTree = "<group>"; };
		86CF67821E0C1D2B008CC4C3 /* DPRequest.m */ = {isa = PBXFileReference; fileEncoding = 4; lastKnownFileType = sourcecode.c.objc; path = DPRequest.m; sourceTree = "<group>"; };
		86CF67851E0C312D008CC4C3 /* NSDate+MTCompareDate.h */ = {isa = PBXFileReference; fileEncoding = 4; lastKnownFileType = sourcecode.c.h; path = "NSDate+MTCompareDate.h"; sourceTree = "<group>"; };
		86CF67861E0C312D008CC4C3 /* NSDate+MTCompareDate.m */ = {isa = PBXFileReference; fileEncoding = 4; lastKnownFileType = sourcecode.c.objc; path = "NSDate+MTCompareDate.m"; sourceTree = "<group>"; };
		86CF67881E0C422B008CC4C3 /* NSString+MTStr.h */ = {isa = PBXFileReference; fileEncoding = 4; lastKnownFileType = sourcecode.c.h; path = "NSString+MTStr.h"; sourceTree = "<group>"; };
		86CF67891E0C422B008CC4C3 /* NSString+MTStr.m */ = {isa = PBXFileReference; fileEncoding = 4; lastKnownFileType = sourcecode.c.objc; path = "NSString+MTStr.m"; sourceTree = "<group>"; };
		86FB6D371E0977D300F999A6 /* MTDistrictModel.h */ = {isa = PBXFileReference; fileEncoding = 4; lastKnownFileType = sourcecode.c.h; path = MTDistrictModel.h; sourceTree = "<group>"; };
		86FB6D381E0977D300F999A6 /* MTDistrictModel.m */ = {isa = PBXFileReference; fileEncoding = 4; lastKnownFileType = sourcecode.c.objc; path = MTDistrictModel.m; sourceTree = "<group>"; };
		86FB6D3A1E09AAA200F999A6 /* ReadMe.h */ = {isa = PBXFileReference; lastKnownFileType = sourcecode.c.h; path = ReadMe.h; sourceTree = "<group>"; };
		992E5ABB0C6E07FF1A188D4D /* libPods-MTHD.a */ = {isa = PBXFileReference; explicitFileType = archive.ar; includeInIndex = 0; path = "libPods-MTHD.a"; sourceTree = BUILT_PRODUCTS_DIR; };
		EFDBE281A7EE339E9ECAEB01 /* Pods-MTHD.release.xcconfig */ = {isa = PBXFileReference; includeInIndex = 1; lastKnownFileType = text.xcconfig; name = "Pods-MTHD.release.xcconfig"; path = "Pods/Target Support Files/Pods-MTHD/Pods-MTHD.release.xcconfig"; sourceTree = "<group>"; };
/* End PBXFileReference section */

/* Begin PBXFrameworksBuildPhase section */
		863032A21E0548860093D6C5 /* Frameworks */ = {
			isa = PBXFrameworksBuildPhase;
			buildActionMask = 2147483647;
			files = (
				26069EAA8125EF95A37706F9 /* libPods-MTHD.a in Frameworks */,
			);
			runOnlyForDeploymentPostprocessing = 0;
		};
/* End PBXFrameworksBuildPhase section */

/* Begin PBXGroup section */
		3ECCC6EC18A9F04F8BBFF5C9 /* Pods */ = {
			isa = PBXGroup;
			children = (
				32441333945390C955EC266C /* Pods-MTHD.debug.xcconfig */,
				EFDBE281A7EE339E9ECAEB01 /* Pods-MTHD.release.xcconfig */,
			);
			name = Pods;
			sourceTree = "<group>";
		};
		862D3AAF1E0A1E1900FDFFD9 /* ViewModel */ = {
			isa = PBXGroup;
			children = (
				862D3AB01E0A1E3700FDFFD9 /* MTHomeViewModel.h */,
				862D3AB11E0A1E3700FDFFD9 /* MTHomeViewModel.m */,
			);
			path = ViewModel;
			sourceTree = "<group>";
		};
		862D3AB61E0A64B200FDFFD9 /* MTCategoryVC */ = {
			isa = PBXGroup;
			children = (
				868FF9531E07FE80003FFF61 /* MTCategoryVC.h */,
				868FF9541E07FE80003FFF61 /* MTCategoryVC.m */,
			);
			name = MTCategoryVC;
			sourceTree = "<group>";
		};
		862D3AB71E0A64BE00FDFFD9 /* MTSortVC */ = {
			isa = PBXGroup;
			children = (
				862D3AB81E0A650100FDFFD9 /* MTSortVC.h */,
				862D3AB91E0A650100FDFFD9 /* MTSortVC.m */,
			);
			name = MTSortVC;
			sourceTree = "<group>";
		};
		8630329C1E0548860093D6C5 = {
			isa = PBXGroup;
			children = (
				863032A71E0548870093D6C5 /* MTHD */,
				863032A61E0548870093D6C5 /* Products */,
				3ECCC6EC18A9F04F8BBFF5C9 /* Pods */,
				B35D132D0D09F6F5EC8F6A70 /* Frameworks */,
			);
			sourceTree = "<group>";
		};
		863032A61E0548870093D6C5 /* Products */ = {
			isa = PBXGroup;
			children = (
				863032A51E0548870093D6C5 /* MTHD.app */,
			);
			name = Products;
			sourceTree = "<group>";
		};
		863032A71E0548870093D6C5 /* MTHD */ = {
			isa = PBXGroup;
			children = (
				863032AB1E0548870093D6C5 /* AppDelegate.h */,
				863032AC1E0548870093D6C5 /* AppDelegate.m */,
				863032D61E0562FF0093D6C5 /* PrefixHeader.pch */,
				863032BF1E0556D70093D6C5 /* Classes */,
				863032B41E0548870093D6C5 /* Assets.xcassets */,
				863032B91E0548870093D6C5 /* Info.plist */,
				863032A81E0548870093D6C5 /* Supporting Files */,
			);
			path = MTHD;
			sourceTree = "<group>";
		};
		863032A81E0548870093D6C5 /* Supporting Files */ = {
			isa = PBXGroup;
			children = (
				863032A91E0548870093D6C5 /* main.m */,
			);
			name = "Supporting Files";
			sourceTree = "<group>";
		};
		863032BF1E0556D70093D6C5 /* Classes */ = {
			isa = PBXGroup;
			children = (
				863032C41E0556D70093D6C5 /* Main */,
				863032C01E0556D70093D6C5 /* Home */,
			);
			path = Classes;
			sourceTree = "<group>";
		};
		863032C01E0556D70093D6C5 /* Home */ = {
			isa = PBXGroup;
			children = (
				862D3AAF1E0A1E1900FDFFD9 /* ViewModel */,
				863032C11E0556D70093D6C5 /* Controller */,
				863032C21E0556D70093D6C5 /* Model */,
				863032C31E0556D70093D6C5 /* View */,
				868FF95E1E081801003FFF61 /* Plist */,
			);
			path = Home;
			sourceTree = "<group>";
		};
		863032C11E0556D70093D6C5 /* Controller */ = {
			isa = PBXGroup;
			children = (
				863032CD1E0557770093D6C5 /* MTHomeVC.h */,
				863032CE1E0557770093D6C5 /* MTHomeVC.m */,
				863032D31E055F6A0093D6C5 /* MTHomeCollectionVC.h */,
				863032D41E055F6A0093D6C5 /* MTHomeCollectionVC.m */,
				862D3AB61E0A64B200FDFFD9 /* MTCategoryVC */,
				868FF96D1E083ED1003FFF61 /* MTCityVC */,
				862D3AB71E0A64BE00FDFFD9 /* MTSortVC */,
			);
			path = Controller;
			sourceTree = "<group>";
		};
		863032C21E0556D70093D6C5 /* Model */ = {
			isa = PBXGroup;
			children = (
				8676550D1E0C109200FDB0A4 /* HomeCllModel */,
				8676550C1E0C105900FDB0A4 /* HomeNAVModel */,
			);
			path = Model;
			sourceTree = "<group>";
		};
		863032C31E0556D70093D6C5 /* View */ = {
			isa = PBXGroup;
			children = (
				863032E01E0576470093D6C5 /* MTHomeNACView.h */,
				863032E11E0576470093D6C5 /* MTHomeNACView.m */,
				868FF9561E080781003FFF61 /* MTDropdownView.h */,
				868FF9571E080781003FFF61 /* MTDropdownView.m */,
				867655091E0C00ED00FDB0A4 /* MTHomeCell.h */,
				8676550A1E0C00ED00FDB0A4 /* MTHomeCell.m */,
			);
			path = View;
			sourceTree = "<group>";
		};
		863032C41E0556D70093D6C5 /* Main */ = {
			isa = PBXGroup;
			children = (
				863032C51E0556D70093D6C5 /* Base(基类) */,
				863032C61E0556D70093D6C5 /* Category（分类） */,
				863032C71E0556D70093D6C5 /* Common（共同的） */,
				863032C81E0556D70093D6C5 /* Libs（其他的类文件） */,
				863032C91E0556D70093D6C5 /* Tools（工具类） */,
			);
			path = Main;
			sourceTree = "<group>";
		};
		863032C51E0556D70093D6C5 /* Base(基类) */ = {
			isa = PBXGroup;
			children = (
				863032CB1E05574F0093D6C5 /* MTBaseNAV.m */,
				862D3AC11E0A8D4C00FDFFD9 /* MTButton.h */,
				862D3AC21E0A8D4C00FDFFD9 /* MTButton.m */,
				863032CA1E05574F0093D6C5 /* MTBaseNAV.h */,
			);
			name = "Base(基类)";
			path = Base;
			sourceTree = "<group>";
		};
		863032C61E0556D70093D6C5 /* Category（分类） */ = {
			isa = PBXGroup;
			children = (
				863032D01E055B240093D6C5 /* UIImage+MTGategoryImage.h */,
				863032D11E055B240093D6C5 /* UIImage+MTGategoryImage.m */,
				863032DD1E05680A0093D6C5 /* UIBarButtonItem+MTCategory.h */,
				863032DE1E05680A0093D6C5 /* UIBarButtonItem+MTCategory.m */,
				86CF67851E0C312D008CC4C3 /* NSDate+MTCompareDate.h */,
				86CF67861E0C312D008CC4C3 /* NSDate+MTCompareDate.m */,
				86CF67881E0C422B008CC4C3 /* NSString+MTStr.h */,
				86CF67891E0C422B008CC4C3 /* NSString+MTStr.m */,
			);
			name = "Category（分类）";
			path = Category;
			sourceTree = "<group>";
		};
		863032C71E0556D70093D6C5 /* Common（共同的） */ = {
			isa = PBXGroup;
			children = (
				865F05B01E0962120063AD01 /* MTConst.h */,
				865F05B11E0962120063AD01 /* MTConst.m */,
			);
			name = "Common（共同的）";
			path = Common;
			sourceTree = "<group>";
		};
		863032C81E0556D70093D6C5 /* Libs（其他的类文件） */ = {
			isa = PBXGroup;
			children = (
				86C25C011E0D422E006AB8CD /* AwesomeMenu */,
			);
			name = "Libs（其他的类文件）";
			path = Libs;
			sourceTree = "<group>";
		};
		863032C91E0556D70093D6C5 /* Tools（工具类） */ = {
			isa = PBXGroup;
			children = (
				86CF677D1E0C1D2B008CC4C3 /* dianpingapi */,
				868FF9671E0823B5003FFF61 /* NSArray+Log.h */,
				868FF9681E0823B5003FFF61 /* NSArray+Log.m */,
			);
			name = "Tools（工具类）";
			path = Tools;
			sourceTree = "<group>";
		};
		8676550C1E0C105900FDB0A4 /* HomeNAVModel */ = {
			isa = PBXGroup;
			children = (
				868FF9591E081748003FFF61 /* MTCategoryModel.h */,
				868FF95A1E081748003FFF61 /* MTCategoryModel.m */,
				865F05AD1E094CE50063AD01 /* MTCityGroupModel.h */,
				865F05AE1E094CE50063AD01 /* MTCityGroupModel.m */,
				86FB6D371E0977D300F999A6 /* MTDistrictModel.h */,
				86FB6D381E0977D300F999A6 /* MTDistrictModel.m */,
				862D3AB31E0A1FB800FDFFD9 /* MTCityModel.h */,
				862D3AB41E0A1FB800FDFFD9 /* MTCityModel.m */,
				862D3ABB1E0A6F2900FDFFD9 /* MTSortModel.h */,
				862D3ABC1E0A6F2900FDFFD9 /* MTSortModel.m */,
			);
			name = HomeNAVModel;
			sourceTree = "<group>";
		};
		8676550D1E0C109200FDB0A4 /* HomeCllModel */ = {
			isa = PBXGroup;
			children = (
				8676550E1E0C10B400FDB0A4 /* MTHomeCellModel.h */,
				8676550F1E0C10B400FDB0A4 /* MTHomeCellModel.m */,
			);
			name = HomeCllModel;
			sourceTree = "<group>";
		};
		868FF95E1E081801003FFF61 /* Plist */ = {
			isa = PBXGroup;
			children = (
				868FF95F1E081801003FFF61 /* categories.plist */,
				868FF9601E081801003FFF61 /* cities.plist */,
				868FF9611E081801003FFF61 /* cityGroups.plist */,
				868FF9621E081801003FFF61 /* sorts.plist */,
				86FB6D3A1E09AAA200F999A6 /* ReadMe.h */,
			);
			path = Plist;
			sourceTree = "<group>";
		};
		868FF96D1E083ED1003FFF61 /* MTCityVC */ = {
			isa = PBXGroup;
			children = (
				868FF96E1E083F2B003FFF61 /* MTDistrictVC.h */,
				868FF96F1E083F2B003FFF61 /* MTDistrictVC.m */,
				868FF96A1E0833E2003FFF61 /* MTCityVC.h */,
				868FF96B1E0833E2003FFF61 /* MTCityVC.m */,
				868FF9741E086179003FFF61 /* MTCitySearchResultVC.h */,
				868FF9751E086179003FFF61 /* MTCitySearchResultVC.m */,
			);
			name = MTCityVC;
			sourceTree = "<group>";
		};
		86C25C011E0D422E006AB8CD /* AwesomeMenu */ = {
			isa = PBXGroup;
			children = (
				86C25C021E0D422E006AB8CD /* AwesomeMenu.h */,
				86C25C031E0D422E006AB8CD /* AwesomeMenu.m */,
				86C25C041E0D422E006AB8CD /* AwesomeMenuItem.h */,
				86C25C051E0D422E006AB8CD /* AwesomeMenuItem.m */,
			);
			path = AwesomeMenu;
			sourceTree = "<group>";
		};
		86CF677D1E0C1D2B008CC4C3 /* dianpingapi */ = {
			isa = PBXGroup;
			children = (
				86CF677E1E0C1D2B008CC4C3 /* DPAPI.h */,
				86CF677F1E0C1D2B008CC4C3 /* DPAPI.m */,
				86CF67801E0C1D2B008CC4C3 /* DPConstants.h */,
				86CF67811E0C1D2B008CC4C3 /* DPRequest.h */,
				86CF67821E0C1D2B008CC4C3 /* DPRequest.m */,
			);
			path = dianpingapi;
			sourceTree = "<group>";
		};
		B35D132D0D09F6F5EC8F6A70 /* Frameworks */ = {
			isa = PBXGroup;
			children = (
				992E5ABB0C6E07FF1A188D4D /* libPods-MTHD.a */,
			);
			name = Frameworks;
			sourceTree = "<group>";
		};
/* End PBXGroup section */

/* Begin PBXNativeTarget section */
		863032A41E0548860093D6C5 /* MTHD */ = {
			isa = PBXNativeTarget;
			buildConfigurationList = 863032BC1E0548870093D6C5 /* Build configuration list for PBXNativeTarget "MTHD" */;
			buildPhases = (
				2628B25A80043D8317CE5EB4 /* [CP] Check Pods Manifest.lock */,
				863032A11E0548860093D6C5 /* Sources */,
				863032A21E0548860093D6C5 /* Frameworks */,
				863032A31E0548860093D6C5 /* Resources */,
				E8CFCF54C4B4D919B275F778 /* [CP] Embed Pods Frameworks */,
				F2D0942DBD9069DBDEA2E8ED /* [CP] Copy Pods Resources */,
			);
			buildRules = (
			);
			dependencies = (
			);
			name = MTHD;
			productName = MTHD;
			productReference = 863032A51E0548870093D6C5 /* MTHD.app */;
			productType = "com.apple.product-type.application";
		};
/* End PBXNativeTarget section */

/* Begin PBXProject section */
		8630329D1E0548860093D6C5 /* Project object */ = {
			isa = PBXProject;
			attributes = {
				CLASSPREFIX = MT;
				LastUpgradeCheck = 0810;
				ORGANIZATIONNAME = 13lipengyue;
				TargetAttributes = {
					863032A41E0548860093D6C5 = {
						CreatedOnToolsVersion = 8.1;
						ProvisioningStyle = Automatic;
					};
				};
			};
			buildConfigurationList = 863032A01E0548860093D6C5 /* Build configuration list for PBXProject "MTHD" */;
			compatibilityVersion = "Xcode 3.2";
			developmentRegion = English;
			hasScannedForEncodings = 0;
			knownRegions = (
				en,
				Base,
			);
			mainGroup = 8630329C1E0548860093D6C5;
			productRefGroup = 863032A61E0548870093D6C5 /* Products */;
			projectDirPath = "";
			projectRoot = "";
			targets = (
				863032A41E0548860093D6C5 /* MTHD */,
			);
		};
/* End PBXProject section */

/* Begin PBXResourcesBuildPhase section */
		863032A31E0548860093D6C5 /* Resources */ = {
			isa = PBXResourcesBuildPhase;
			buildActionMask = 2147483647;
			files = (
				868FF9641E081801003FFF61 /* cities.plist in Resources */,
				868FF9631E081801003FFF61 /* categories.plist in Resources */,
				868FF9661E081801003FFF61 /* sorts.plist in Resources */,
				863032B51E0548870093D6C5 /* Assets.xcassets in Resources */,
				868FF9651E081801003FFF61 /* cityGroups.plist in Resources */,
			);
			runOnlyForDeploymentPostprocessing = 0;
		};
/* End PBXResourcesBuildPhase section */

/* Begin PBXShellScriptBuildPhase section */
		2628B25A80043D8317CE5EB4 /* [CP] Check Pods Manifest.lock */ = {
			isa = PBXShellScriptBuildPhase;
			buildActionMask = 2147483647;
			files = (
			);
			inputPaths = (
			);
			name = "[CP] Check Pods Manifest.lock";
			outputPaths = (
			);
			runOnlyForDeploymentPostprocessing = 0;
			shellPath = /bin/sh;
			shellScript = "diff \"${PODS_ROOT}/../Podfile.lock\" \"${PODS_ROOT}/Manifest.lock\" > /dev/null\nif [ $? != 0 ] ; then\n    # print error to STDERR\n    echo \"error: The sandbox is not in sync with the Podfile.lock. Run 'pod install' or update your CocoaPods installation.\" >&2\n    exit 1\nfi\n";
			showEnvVarsInLog = 0;
		};
		E8CFCF54C4B4D919B275F778 /* [CP] Embed Pods Frameworks */ = {
			isa = PBXShellScriptBuildPhase;
			buildActionMask = 2147483647;
			files = (
			);
			inputPaths = (
			);
			name = "[CP] Embed Pods Frameworks";
			outputPaths = (
			);
			runOnlyForDeploymentPostprocessing = 0;
			shellPath = /bin/sh;
			shellScript = "\"${SRCROOT}/Pods/Target Support Files/Pods-MTHD/Pods-MTHD-frameworks.sh\"\n";
			showEnvVarsInLog = 0;
		};
		F2D0942DBD9069DBDEA2E8ED /* [CP] Copy Pods Resources */ = {
			isa = PBXShellScriptBuildPhase;
			buildActionMask = 2147483647;
			files = (
			);
			inputPaths = (
			);
			name = "[CP] Copy Pods Resources";
			outputPaths = (
			);
			runOnlyForDeploymentPostprocessing = 0;
			shellPath = /bin/sh;
			shellScript = "\"${SRCROOT}/Pods/Target Support Files/Pods-MTHD/Pods-MTHD-resources.sh\"\n";
			showEnvVarsInLog = 0;
		};
/* End PBXShellScriptBuildPhase section */

/* Begin PBXSourcesBuildPhase section */
		863032A11E0548860093D6C5 /* Sources */ = {
			isa = PBXSourcesBuildPhase;
			buildActionMask = 2147483647;
			files = (
				868FF9761E086179003FFF61 /* MTCitySearchResultVC.m in Sources */,
				863032CF1E0557770093D6C5 /* MTHomeVC.m in Sources */,
				86CF678A1E0C422B008CC4C3 /* NSString+MTStr.m in Sources */,
				862D3AB21E0A1E3700FDFFD9 /* MTHomeViewModel.m in Sources */,
				868FF9701E083F2B003FFF61 /* MTDistrictVC.m in Sources */,
				863032E21E0576470093D6C5 /* MTHomeNACView.m in Sources */,
				867655101E0C10B400FDB0A4 /* MTHomeCellModel.m in Sources */,
				868FF9581E080781003FFF61 /* MTDropdownView.m in Sources */,
				862D3ABD1E0A6F2900FDFFD9 /* MTSortModel.m in Sources */,
				865F05AF1E094CE50063AD01 /* MTCityGroupModel.m in Sources */,
				862D3AB51E0A1FB800FDFFD9 /* MTCityModel.m in Sources */,
				86CF67831E0C1D2B008CC4C3 /* DPAPI.m in Sources */,
				86C25C061E0D422E006AB8CD /* AwesomeMenu.m in Sources */,
				868FF95B1E081748003FFF61 /* MTCategoryModel.m in Sources */,
				868FF9551E07FE80003FFF61 /* MTCategoryVC.m in Sources */,
				868FF96C1E0833E2003FFF61 /* MTCityVC.m in Sources */,
				863032AD1E0548870093D6C5 /* AppDelegate.m in Sources */,
				86FB6D391E0977D300F999A6 /* MTDistrictModel.m in Sources */,
				865F05B21E0962120063AD01 /* MTConst.m in Sources */,
				863032D51E055F6A0093D6C5 /* MTHomeCollectionVC.m in Sources */,
				862D3ABA1E0A650100FDFFD9 /* MTSortVC.m in Sources */,
				8676550B1E0C00ED00FDB0A4 /* MTHomeCell.m in Sources */,
				868FF9691E0823B5003FFF61 /* NSArray+Log.m in Sources */,
				86CF67871E0C312D008CC4C3 /* NSDate+MTCompareDate.m in Sources */,
				863032AA1E0548870093D6C5 /* main.m in Sources */,
				86CF67841E0C1D2B008CC4C3 /* DPRequest.m in Sources */,
				863032CC1E05574F0093D6C5 /* MTBaseNAV.m in Sources */,
				863032D21E055B240093D6C5 /* UIImage+MTGategoryImage.m in Sources */,
				863032DF1E05680A0093D6C5 /* UIBarButtonItem+MTCategory.m in Sources */,
				86C25C071E0D422E006AB8CD /* AwesomeMenuItem.m in Sources */,
				862D3AC31E0A8D4C00FDFFD9 /* MTButton.m in Sources */,
			);
			runOnlyForDeploymentPostprocessing = 0;
		};
/* End PBXSourcesBuildPhase section */

/* Begin XCBuildConfiguration section */
		863032BA1E0548870093D6C5 /* Debug */ = {
			isa = XCBuildConfiguration;
			buildSettings = {
				ALWAYS_SEARCH_USER_PATHS = NO;
				CLANG_ANALYZER_NONNULL = YES;
				CLANG_CXX_LANGUAGE_STANDARD = "gnu++0x";
				CLANG_CXX_LIBRARY = "libc++";
				CLANG_ENABLE_MODULES = YES;
				CLANG_ENABLE_OBJC_ARC = YES;
				CLANG_WARN_BOOL_CONVERSION = YES;
				CLANG_WARN_CONSTANT_CONVERSION = YES;
				CLANG_WARN_DIRECT_OBJC_ISA_USAGE = YES_ERROR;
				CLANG_WARN_DOCUMENTATION_COMMENTS = YES;
				CLANG_WARN_EMPTY_BODY = YES;
				CLANG_WARN_ENUM_CONVERSION = YES;
				CLANG_WARN_INFINITE_RECURSION = YES;
				CLANG_WARN_INT_CONVERSION = YES;
				CLANG_WARN_OBJC_ROOT_CLASS = YES_ERROR;
				CLANG_WARN_SUSPICIOUS_MOVES = YES;
				CLANG_WARN_UNREACHABLE_CODE = YES;
				CLANG_WARN__DUPLICATE_METHOD_MATCH = YES;
				"CODE_SIGN_IDENTITY[sdk=iphoneos*]" = "iPhone Developer";
				COPY_PHASE_STRIP = NO;
				DEBUG_INFORMATION_FORMAT = dwarf;
				ENABLE_STRICT_OBJC_MSGSEND = YES;
				ENABLE_TESTABILITY = YES;
				GCC_C_LANGUAGE_STANDARD = gnu99;
				GCC_DYNAMIC_NO_PIC = NO;
				GCC_NO_COMMON_BLOCKS = YES;
				GCC_OPTIMIZATION_LEVEL = 0;
				GCC_PREPROCESSOR_DEFINITIONS = (
					"DEBUG=1",
					"$(inherited)",
				);
				GCC_WARN_64_TO_32_BIT_CONVERSION = YES;
				GCC_WARN_ABOUT_RETURN_TYPE = YES_ERROR;
				GCC_WARN_UNDECLARED_SELECTOR = YES;
				GCC_WARN_UNINITIALIZED_AUTOS = YES_AGGRESSIVE;
				GCC_WARN_UNUSED_FUNCTION = YES;
				GCC_WARN_UNUSED_VARIABLE = YES;
				IPHONEOS_DEPLOYMENT_TARGET = 10.1;
				MTL_ENABLE_DEBUG_INFO = YES;
				ONLY_ACTIVE_ARCH = YES;
				SDKROOT = iphoneos;
				TARGETED_DEVICE_FAMILY = 2;
			};
			name = Debug;
		};
		863032BB1E0548870093D6C5 /* Release */ = {
			isa = XCBuildConfiguration;
			buildSettings = {
				ALWAYS_SEARCH_USER_PATHS = NO;
				CLANG_ANALYZER_NONNULL = YES;
				CLANG_CXX_LANGUAGE_STANDARD = "gnu++0x";
				CLANG_CXX_LIBRARY = "libc++";
				CLANG_ENABLE_MODULES = YES;
				CLANG_ENABLE_OBJC_ARC = YES;
				CLANG_WARN_BOOL_CONVERSION = YES;
				CLANG_WARN_CONSTANT_CONVERSION = YES;
				CLANG_WARN_DIRECT_OBJC_ISA_USAGE = YES_ERROR;
				CLANG_WARN_DOCUMENTATION_COMMENTS = YES;
				CLANG_WARN_EMPTY_BODY = YES;
				CLANG_WARN_ENUM_CONVERSION = YES;
				CLANG_WARN_INFINITE_RECURSION = YES;
				CLANG_WARN_INT_CONVERSION = YES;
				CLANG_WARN_OBJC_ROOT_CLASS = YES_ERROR;
				CLANG_WARN_SUSPICIOUS_MOVES = YES;
				CLANG_WARN_UNREACHABLE_CODE = YES;
				CLANG_WARN__DUPLICATE_METHOD_MATCH = YES;
				"CODE_SIGN_IDENTITY[sdk=iphoneos*]" = "iPhone Developer";
				COPY_PHASE_STRIP = NO;
				DEBUG_INFORMATION_FORMAT = "dwarf-with-dsym";
				ENABLE_NS_ASSERTIONS = NO;
				ENABLE_STRICT_OBJC_MSGSEND = YES;
				GCC_C_LANGUAGE_STANDARD = gnu99;
				GCC_NO_COMMON_BLOCKS = YES;
				GCC_WARN_64_TO_32_BIT_CONVERSION = YES;
				GCC_WARN_ABOUT_RETURN_TYPE = YES_ERROR;
				GCC_WARN_UNDECLARED_SELECTOR = YES;
				GCC_WARN_UNINITIALIZED_AUTOS = YES_AGGRESSIVE;
				GCC_WARN_UNUSED_FUNCTION = YES;
				GCC_WARN_UNUSED_VARIABLE = YES;
				IPHONEOS_DEPLOYMENT_TARGET = 10.1;
				MTL_ENABLE_DEBUG_INFO = NO;
				SDKROOT = iphoneos;
				TARGETED_DEVICE_FAMILY = 2;
				VALIDATE_PRODUCT = YES;
			};
			name = Release;
		};
		863032BD1E0548870093D6C5 /* Debug */ = {
			isa = XCBuildConfiguration;
			baseConfigurationReference = 32441333945390C955EC266C /* Pods-MTHD.debug.xcconfig */;
			buildSettings = {
				ASSETCATALOG_COMPILER_APPICON_NAME = AppIcon;
				ASSETCATALOG_COMPILER_LAUNCHIMAGE_NAME = LaunchImage;
				GCC_PREFIX_HEADER = MTHD/PrefixHeader.pch;
				INFOPLIST_FILE = MTHD/Info.plist;
				LD_RUNPATH_SEARCH_PATHS = "$(inherited) @executable_path/Frameworks";
				PRODUCT_BUNDLE_IDENTIFIER = yuelipen.MTHD;
				PRODUCT_NAME = "$(TARGET_NAME)";
			};
			name = Debug;
		};
		863032BE1E0548870093D6C5 /* Release */ = {
			isa = XCBuildConfiguration;
			baseConfigurationReference = EFDBE281A7EE339E9ECAEB01 /* Pods-MTHD.release.xcconfig */;
			buildSettings = {
				ASSETCATALOG_COMPILER_APPICON_NAME = AppIcon;
				ASSETCATALOG_COMPILER_LAUNCHIMAGE_NAME = LaunchImage;
				GCC_PREFIX_HEADER = MTHD/PrefixHeader.pch;
				INFOPLIST_FILE = MTHD/Info.plist;
				LD_RUNPATH_SEARCH_PATHS = "$(inherited) @executable_path/Frameworks";
				PRODUCT_BUNDLE_IDENTIFIER = yuelipen.MTHD;
				PRODUCT_NAME = "$(TARGET_NAME)";
			};
			name = Release;
		};
/* End XCBuildConfiguration section */

/* Begin XCConfigurationList section */
		863032A01E0548860093D6C5 /* Build configuration list for PBXProject "MTHD" */ = {
			isa = XCConfigurationList;
			buildConfigurations = (
				863032BA1E0548870093D6C5 /* Debug */,
				863032BB1E0548870093D6C5 /* Release */,
			);
			defaultConfigurationIsVisible = 0;
			defaultConfigurationName = Release;
		};
		863032BC1E0548870093D6C5 /* Build configuration list for PBXNativeTarget "MTHD" */ = {
			isa = XCConfigurationList;
			buildConfigurations = (
				863032BD1E0548870093D6C5 /* Debug */,
				863032BE1E0548870093D6C5 /* Release */,
			);
			defaultConfigurationIsVisible = 0;
			defaultConfigurationName = Release;
		};
/* End XCConfigurationList section */
	};
	rootObject = 8630329D1E0548860093D6C5 /* Project object */;
}
